
Microsoft Visual Studio Solution File, Format Version 12.00
# Visual Studio Version 17
VisualStudioVersion = 17.1.31911.260
MinimumVisualStudioVersion = 10.0.40219.1
Project("{FAE04EC0-301F-11D3-BF4B-00C04F79EFBC}") = "ExceptionExample", "ExceptionExample.csproj", "{D05746D7-DC54-4E51-A0E7-A3C6AABB15CC}"
EndProject
Global
	GlobalSection(SolutionConfigurationPlatforms) = preSolution
		Debug|Any CPU = Debug|Any CPU
		Release|Any CPU = Release|Any CPU
	EndGlobalSection
	GlobalSection(ProjectConfigurationPlatforms) = postSolution
		{D05746D7-DC54-4E51-A0E7-A3C6AABB15CC}.Debug|Any CPU.ActiveCfg = Debug|Any CPU
		{D05746D7-DC54-4E51-A0E7-A3C6AABB15CC}.Debug|Any CPU.Build.0 = Debug|Any CPU
		{D05746D7-DC54-4E51-A0E7-A3C6AABB15CC}.Release|Any CPU.ActiveCfg = Release|Any CPU
		{D05746D7-DC54-4E51-A0E7-A3C6AABB15CC}.Release|Any CPU.Build.0 = Release|Any CPU
	EndGlobalSection
	GlobalSection(SolutionProperties) = preSolution
		HideSolutionNode = FALSE
	EndGlobalSection
	GlobalSection(ExtensibilityGlobals) = postSolution
		SolutionGuid = {74F25AB4-F80E-44C5-99A8-40875644224A}
	EndGlobalSection
EndGlobal
